
Microsoft Visual Studio Solution File, Format Version 12.00
# Visual Studio Version 16
VisualStudioVersion = 16.0.33027.164
MinimumVisualStudioVersion = 10.0.40219.1
Project("{FAE04EC0-301F-11D3-BF4B-00C04F79EFBC}") = "MyDict", "MyDict\MyDict.csproj", "{5F88F187-5115-421C-8D47-56F17FFA575D}"
EndProject
Global
	GlobalSection(SolutionConfigurationPlatforms) = preSolution
		Debug|Any CPU = Debug|Any CPU
		Release|Any CPU = Release|Any CPU
	EndGlobalSection
	GlobalSection(ProjectConfigurationPlatforms) = postSolution
		{5F88F187-5115-421C-8D47-56F17FFA575D}.Debug|Any CPU.ActiveCfg = Debug|Any CPU
		{5F88F187-5115-421C-8D47-56F17FFA575D}.Debug|Any CPU.Build.0 = Debug|Any CPU
		{5F88F187-5115-421C-8D47-56F17FFA575D}.Release|Any CPU.ActiveCfg = Release|Any CPU
		{5F88F187-5115-421C-8D47-56F17FFA575D}.Release|Any CPU.Build.0 = Release|Any CPU
	EndGlobalSection
	GlobalSection(SolutionProperties) = preSolution
		HideSolutionNode = FALSE
	EndGlobalSection
	GlobalSection(ExtensibilityGlobals) = postSolution
		SolutionGuid = {E99DF07C-93E4-4D5F-86C6-341CD851ED93}
	EndGlobalSection
EndGlobal
